
Microsoft Visual Studio Solution File, Format Version 12.00
# Visual Studio Version 17
VisualStudioVersion = 17.6.33815.320
MinimumVisualStudioVersion = 10.0.40219.1
Project("{FAE04EC0-301F-11D3-BF4B-00C04F79EFBC}") = "IDPA_Vorprojekt_SAND", "IDPA_Vorprojekt_SAND.csproj", "{A5652388-40CE-402E-BEFB-40A57BEFBF5A}"
EndProject
Global
	GlobalSection(SolutionConfigurationPlatforms) = preSolution
		Debug|Any CPU = Debug|Any CPU
		Release|Any CPU = Release|Any CPU
	EndGlobalSection
	GlobalSection(ProjectConfigurationPlatforms) = postSolution
		{A5652388-40CE-402E-BEFB-40A57BEFBF5A}.Debug|Any CPU.ActiveCfg = Debug|Any CPU
		{A5652388-40CE-402E-BEFB-40A57BEFBF5A}.Debug|Any CPU.Build.0 = Debug|Any CPU
		{A5652388-40CE-402E-BEFB-40A57BEFBF5A}.Release|Any CPU.ActiveCfg = Release|Any CPU
		{A5652388-40CE-402E-BEFB-40A57BEFBF5A}.Release|Any CPU.Build.0 = Release|Any CPU
	EndGlobalSection
	GlobalSection(SolutionProperties) = preSolution
		HideSolutionNode = FALSE
	EndGlobalSection
	GlobalSection(ExtensibilityGlobals) = postSolution
		SolutionGuid = {969D3ABE-EC1D-42AD-B995-8D87A421B030}
	EndGlobalSection
EndGlobal
